{
  "lockfileVersion": 1,
  "configVersion": 1,
  "workspaces": {
    "": {
      "name": "@ultimat3/root",
      "devDependencies": {
        "@biomejs/biome": "^2.4.15",
        "@electric-sql/pglite": "0.5.4",
        "@types/bun": "^1.4.0",
        "lefthook": "^2.1.10",
        "solid-js": "1.9.14",
        "typescript": "^7.0.2",
      },
    },
    "dummy/social-media-clone": {
      "name": "social-media-clone",
      "version": "0.1.0",
      "dependencies": {
        "@ultimat3/action": "5.0.1",
        "@ultimat3/admin": "5.0.1",
        "@ultimat3/cache": "5.0.1",
        "@ultimat3/cli": "5.0.1",
        "@ultimat3/core": "5.0.1",
        "@ultimat3/db": "5.0.1",
        "@ultimat3/entity": "5.0.1",
        "@ultimat3/http": "5.0.1",
        "@ultimat3/i18n": "5.0.1",
        "@ultimat3/jobs": "5.0.1",
        "@ultimat3/mcp": "5.0.1",
        "@ultimat3/policy": "5.0.1",
        "@ultimat3/pwa": "5.0.1",
        "@ultimat3/query": "5.0.1",
        "@ultimat3/realtime": "5.0.1",
        "@ultimat3/render": "5.0.1",
        "@ultimat3/ui": "5.0.1",
        "solid-js": "1.9.14",
      },
      "devDependencies": {
        "@biomejs/biome": "^2.4.15",
        "@electric-sql/pglite": "^0.5.4",
        "@types/bun": "^1.4.0",
        "@ultimat3/testing": "5.0.1",
        "typescript": "^7.0.2",
      },
    },
    "dummy/social-media-clone/apps/admin": {
      "name": "@social-media-clone/admin",
      "version": "0.0.0",
      "dependencies": {
        "@social-media-clone/db": "0.0.0",
      },
    },
    "dummy/social-media-clone/apps/web": {
      "name": "@social-media-clone/web",
      "version": "0.0.0",
      "dependencies": {
        "@social-media-clone/db": "0.0.0",
        "@social-media-clone/domain": "0.0.0",
      },
    },
    "dummy/social-media-clone/packages/db": {
      "name": "@social-media-clone/db",
      "version": "0.0.0",
      "dependencies": {
        "@social-media-clone/domain": "0.0.0",
      },
    },
    "dummy/social-media-clone/packages/domain": {
      "name": "@social-media-clone/domain",
      "version": "0.0.0",
    },
    "dummy/social-media-clone/packages/i18n": {
      "name": "@social-media-clone/i18n",
      "version": "0.0.0",
      "dependencies": {
        "@ultimat3/i18n": "^1.2.0",
      },
    },
    "dummy/social-media-clone/packages/mcp": {
      "name": "@social-media-clone/mcp",
      "version": "0.0.0",
    },
    "dummy/social-media-clone/packages/ui": {
      "name": "@social-media-clone/ui",
      "version": "0.0.0",
    },
    "examples/dummy": {
      "name": "@postly/root",
      "version": "0.0.1",
      "dependencies": {
        "@ultimat3/cli": "1.2.0",
        "@ultimat3/core": "1.2.0",
      },
      "devDependencies": {
        "@ultimat3/cache": "1.2.0",
        "@ultimat3/entity": "1.2.0",
        "@ultimat3/testing": "1.2.0",
        "typescript": "7.0.2",
      },
    },
    "examples/dummy/apps/admin": {
      "name": "@postly/admin",
      "version": "0.0.1",
      "dependencies": {
        "@postly/db": "0.0.1",
        "@postly/web": "0.0.1",
        "@ultimat3/action": "1.0.0",
        "@ultimat3/admin": "1.0.0",
        "@ultimat3/core": "1.0.0",
        "@ultimat3/policy": "1.0.0",
        "@ultimat3/schema": "1.0.0",
      },
    },
    "examples/dummy/apps/web": {
      "name": "@postly/web",
      "version": "0.0.1",
      "dependencies": {
        "@postly/core": "0.0.1",
        "@postly/db": "0.0.1",
        "@postly/domain": "0.0.1",
        "@postly/i18n": "0.0.1",
        "@postly/ui": "0.0.1",
        "@ultimat3/action": "6.0.0",
        "@ultimat3/ai": "6.0.0",
        "@ultimat3/auth": "6.0.0",
        "@ultimat3/core": "6.0.0",
        "@ultimat3/entity": "6.0.0",
        "@ultimat3/flags": "6.0.0",
        "@ultimat3/http": "6.0.0",
        "@ultimat3/jobs": "6.0.0",
        "@ultimat3/mail": "6.0.0",
        "@ultimat3/policy": "6.0.0",
        "@ultimat3/query": "6.0.0",
        "@ultimat3/realtime": "6.0.0",
        "@ultimat3/render": "6.0.0",
        "@ultimat3/schema": "6.0.0",
        "@ultimat3/seo": "6.0.0",
        "@ultimat3/storage": "6.0.0",
        "@ultimat3/testing": "6.0.0",
        "@ultimat3/time": "6.0.0",
        "@ultimat3/ui": "6.0.0",
        "solid-js": "1.9.14",
      },
    },
    "examples/dummy/packages/core": {
      "name": "@postly/core",
      "version": "0.0.1",
      "dependencies": {
        "@postly/domain": "0.0.1",
        "@ultimat3/core": "6.0.0",
        "@ultimat3/money": "6.0.0",
        "@ultimat3/time": "6.0.0",
      },
    },
    "examples/dummy/packages/db": {
      "name": "@postly/db",
      "version": "0.0.1",
      "dependencies": {
        "@postly/domain": "0.0.1",
        "@ultimat3/cache": "6.0.0",
        "@ultimat3/core": "6.0.0",
        "@ultimat3/entity": "6.0.0",
      },
    },
    "examples/dummy/packages/domain": {
      "name": "@postly/domain",
      "version": "0.0.1",
      "dependencies": {
        "@ultimat3/core": "6.0.0",
        "@ultimat3/money": "6.0.0",
      },
    },
    "examples/dummy/packages/i18n": {
      "name": "@postly/i18n",
      "version": "0.0.1",
      "dependencies": {
        "@ultimat3/i18n": "6.0.0",
      },
    },
    "examples/dummy/packages/mcp": {
      "name": "@postly/mcp",
      "version": "0.0.1",
      "dependencies": {
        "@postly/core": "0.0.1",
        "@postly/domain": "0.0.1",
        "@ultimat3/action": "1.0.0",
        "@ultimat3/core": "1.0.0",
        "@ultimat3/mcp": "1.0.0",
        "@ultimat3/testing": "1.0.0",
      },
    },
    "examples/dummy/packages/ui": {
      "name": "@postly/ui",
      "version": "0.0.1",
      "dependencies": {
        "@postly/domain": "0.0.1",
        "@postly/i18n": "0.0.1",
        "@ultimat3/money": "6.0.0",
        "@ultimat3/render": "6.0.0",
        "@ultimat3/ui": "6.0.0",
        "solid-js": "1.9.14",
      },
    },
    "packages/action": {
      "name": "@ultimat3/action",
      "version": "6.0.0",
      "dependencies": {
        "@ultimat3/cache": "7.0.0",
        "@ultimat3/core": "7.0.0",
        "@ultimat3/http": "7.0.0",
        "@ultimat3/policy": "7.0.0",
        "@ultimat3/schema": "7.0.0",
      },
    },
    "packages/admin": {
      "name": "@ultimat3/admin",
      "version": "6.0.0",
      "dependencies": {
        "@ultimat3/action": "7.0.0",
        "@ultimat3/ai": "7.0.0",
        "@ultimat3/cache": "7.0.0",
        "@ultimat3/core": "7.0.0",
        "@ultimat3/db": "7.0.0",
        "@ultimat3/entity": "7.0.0",
        "@ultimat3/i18n": "6.0.0",
        "@ultimat3/jobs": "7.0.0",
        "@ultimat3/mcp": "7.0.0",
        "@ultimat3/money": "7.0.0",
        "@ultimat3/policy": "7.0.0",
        "@ultimat3/query": "7.0.0",
        "@ultimat3/render": "7.0.0",
        "@ultimat3/schema": "7.0.0",
        "@ultimat3/ui": "7.0.0",
      },
    },
    "packages/ai": {
      "name": "@ultimat3/ai",
      "version": "6.0.0",
      "dependencies": {
        "@ultimat3/action": "7.0.0",
        "@ultimat3/cache": "7.0.0",
        "@ultimat3/core": "7.0.0",
        "@ultimat3/db": "7.0.0",
        "@ultimat3/jobs": "7.0.0",
        "@ultimat3/money": "7.0.0",
        "@ultimat3/policy": "7.0.0",
        "@ultimat3/schema": "7.0.0",
        "@ultimat3/time": "7.0.0",
      },
    },
    "packages/auth": {
      "name": "@ultimat3/auth",
      "version": "6.0.0",
      "dependencies": {
        "@ultimat3/core": "7.0.0",
        "@ultimat3/db": "7.0.0",
        "@ultimat3/schema": "7.0.0",
      },
    },
    "packages/cache": {
      "name": "@ultimat3/cache",
      "version": "6.0.0",
      "dependencies": {
        "@ultimat3/core": "7.0.0",
      },
    },
    "packages/cli": {
      "name": "@ultimat3/cli",
      "version": "6.0.0",
      "bin": {
        "x": "./src/bin.ts",
      },
      "dependencies": {
        "@babel/core": "^7.28.4",
        "@ultimat3/action": "7.0.0",
        "@ultimat3/admin": "7.0.0",
        "@ultimat3/ai": "7.0.0",
        "@ultimat3/cache": "7.0.0",
        "@ultimat3/core": "7.0.0",
        "@ultimat3/db": "7.0.0",
        "@ultimat3/entity": "7.0.0",
        "@ultimat3/http": "7.0.0",
        "@ultimat3/i18n": "6.0.0",
        "@ultimat3/jobs": "7.0.0",
        "@ultimat3/mail": "7.0.0",
        "@ultimat3/manifest": "7.0.0",
        "@ultimat3/mcp": "7.0.0",
        "@ultimat3/policy": "7.0.0",
        "@ultimat3/pwa": "7.0.0",
        "@ultimat3/query": "7.0.0",
        "@ultimat3/realtime": "7.0.0",
        "@ultimat3/render": "7.0.0",
        "@ultimat3/schema": "7.0.0",
        "@ultimat3/scraping": "7.0.0",
        "@ultimat3/seo": "7.0.0",
        "@ultimat3/storage": "7.0.0",
        "@ultimat3/testing": "7.0.0",
        "@ultimat3/time": "7.0.0",
        "babel-preset-solid": "^1.9.15",
      },
    },
    "packages/core": {
      "name": "@ultimat3/core",
      "version": "6.0.0",
    },
    "packages/create-ultimate": {
      "name": "create-ultimate",
      "version": "6.0.0",
      "bin": {
        "create-ultimate": "./src/bin.ts",
      },
      "dependencies": {
        "@ultimat3/cli": "7.0.0",
      },
    },
    "packages/db": {
      "name": "@ultimat3/db",
      "version": "6.0.0",
      "dependencies": {
        "@ultimat3/core": "7.0.0",
      },
      "peerDependencies": {
        "@electric-sql/pglite": ">=0.5.0",
      },
      "optionalPeers": [
        "@electric-sql/pglite",
      ],
    },
    "packages/entity": {
      "name": "@ultimat3/entity",
      "version": "6.0.0",
      "dependencies": {
        "@ultimat3/core": "7.0.0",
        "@ultimat3/db": "7.0.0",
        "@ultimat3/schema": "7.0.0",
        "@ultimat3/time": "7.0.0",
      },
    },
    "packages/flags": {
      "name": "@ultimat3/flags",
      "version": "6.0.0",
      "dependencies": {
        "@ultimat3/core": "7.0.0",
      },
    },
    "packages/http": {
      "name": "@ultimat3/http",
      "version": "6.0.0",
      "dependencies": {
        "@ultimat3/core": "7.0.0",
        "@ultimat3/i18n": "6.0.0",
        "@ultimat3/schema": "7.0.0",
        "@ultimat3/time": "7.0.0",
      },
    },
    "packages/i18n": {
      "name": "@ultimat3/i18n",
      "version": "6.0.0",
      "dependencies": {
        "@ultimat3/core": "6.0.0",
      },
    },
    "packages/jobs": {
      "name": "@ultimat3/jobs",
      "version": "6.0.0",
      "dependencies": {
        "@ultimat3/core": "7.0.0",
        "@ultimat3/entity": "7.0.0",
        "@ultimat3/schema": "7.0.0",
        "@ultimat3/time": "7.0.0",
      },
    },
    "packages/mail": {
      "name": "@ultimat3/mail",
      "version": "6.0.0",
      "dependencies": {
        "@ultimat3/core": "7.0.0",
        "@ultimat3/i18n": "6.0.0",
        "@ultimat3/jobs": "7.0.0",
        "@ultimat3/schema": "7.0.0",
        "@ultimat3/time": "7.0.0",
      },
    },
    "packages/manifest": {
      "name": "@ultimat3/manifest",
      "version": "6.0.0",
      "dependencies": {
        "@ultimat3/action": "7.0.0",
        "@ultimat3/core": "7.0.0",
        "@ultimat3/entity": "7.0.0",
        "@ultimat3/jobs": "7.0.0",
        "@ultimat3/query": "7.0.0",
      },
    },
    "packages/mcp": {
      "name": "@ultimat3/mcp",
      "version": "6.0.0",
      "dependencies": {
        "@ultimat3/action": "7.0.0",
        "@ultimat3/core": "7.0.0",
        "@ultimat3/entity": "7.0.0",
        "@ultimat3/jobs": "7.0.0",
        "@ultimat3/policy": "7.0.0",
        "@ultimat3/query": "7.0.0",
        "@ultimat3/schema": "7.0.0",
      },
    },
    "packages/money": {
      "name": "@ultimat3/money",
      "version": "6.0.0",
      "dependencies": {
        "@ultimat3/core": "7.0.0",
        "@ultimat3/schema": "7.0.0",
      },
    },
    "packages/policy": {
      "name": "@ultimat3/policy",
      "version": "6.0.0",
      "dependencies": {
        "@ultimat3/core": "7.0.0",
      },
    },
    "packages/pwa": {
      "name": "@ultimat3/pwa",
      "version": "6.0.0",
      "dependencies": {
        "@ultimat3/core": "7.0.0",
        "@ultimat3/seo": "7.0.0",
      },
    },
    "packages/query": {
      "name": "@ultimat3/query",
      "version": "6.0.0",
      "dependencies": {
        "@ultimat3/cache": "7.0.0",
        "@ultimat3/core": "7.0.0",
        "@ultimat3/http": "7.0.0",
        "@ultimat3/policy": "7.0.0",
        "@ultimat3/schema": "7.0.0",
      },
    },
    "packages/realtime": {
      "name": "@ultimat3/realtime",
      "version": "6.0.0",
      "dependencies": {
        "@ultimat3/core": "7.0.0",
        "@ultimat3/query": "7.0.0",
        "nats": "2.29.3",
      },
    },
    "packages/render": {
      "name": "@ultimat3/render",
      "version": "6.0.0",
      "dependencies": {
        "@ultimat3/cache": "7.0.0",
        "@ultimat3/core": "7.0.0",
        "@ultimat3/i18n": "6.0.0",
        "@ultimat3/seo": "7.0.0",
        "sass": "1.102.0",
      },
    },
    "packages/schema": {
      "name": "@ultimat3/schema",
      "version": "6.0.0",
    },
    "packages/scraping": {
      "name": "@ultimat3/scraping",
      "version": "6.0.0",
      "dependencies": {
        "@ultimat3/core": "7.0.0",
        "@ultimat3/jobs": "7.0.0",
        "@ultimat3/schema": "7.0.0",
        "@ultimat3/storage": "7.0.0",
      },
    },
    "packages/seo": {
      "name": "@ultimat3/seo",
      "version": "6.0.0",
      "dependencies": {
        "@ultimat3/core": "7.0.0",
      },
    },
    "packages/storage": {
      "name": "@ultimat3/storage",
      "version": "6.0.0",
      "dependencies": {
        "@ultimat3/core": "7.0.0",
      },
    },
    "packages/testing": {
      "name": "@ultimat3/testing",
      "version": "6.0.0",
      "dependencies": {
        "@ultimat3/cache": "7.0.0",
        "@ultimat3/core": "7.0.0",
        "@ultimat3/db": "7.0.0",
        "@ultimat3/entity": "7.0.0",
        "@ultimat3/i18n": "6.0.0",
        "@ultimat3/jobs": "7.0.0",
        "@ultimat3/mail": "7.0.0",
        "@ultimat3/policy": "7.0.0",
        "@ultimat3/query": "7.0.0",
        "@ultimat3/realtime": "7.0.0",
        "@ultimat3/time": "7.0.0",
      },
    },
    "packages/time": {
      "name": "@ultimat3/time",
      "version": "6.0.0",
      "dependencies": {
        "@ultimat3/core": "7.0.0",
      },
    },
    "packages/ui": {
      "name": "@ultimat3/ui",
      "version": "6.0.0",
      "dependencies": {
        "@ultimat3/core": "7.0.0",
        "@ultimat3/i18n": "6.0.0",
        "@ultimat3/money": "7.0.0",
        "@ultimat3/time": "7.0.0",
      },
      "peerDependencies": {
        "solid-js": "^1.9.0",
      },
    },
  },
  "packages": {},
}
